;;;;;;;;;;;;;;;;;;;;;;;;;;;;;;;;;;;;;;;;;;;;;;;;;;;;;;;;;;;;;;;;;;;;;;;;;;;;;;;;
;; This is autogenerated by CLPM. Do not edit by hand.
;;;;;;;;;;;;;;;;;;;;;;;;;;;;;;;;;;;;;;;;;;;;;;;;;;;;;;;;;;;;;;;;;;;;;;;;;;;;;;;;

(:api-version "0.3")

;;;;;;;;;;;;;;;;;;;;;;;;;;;;;;;;;;;;;;;;;;;;;;;;;;;;;;;;;;;;;;;;;;;;;;;;;;;;;;;;
;; BEGIN SOURCES
;;;;;;;;;;;;;;;;;;;;;;;;;;;;;;;;;;;;;;;;;;;;;;;;;;;;;;;;;;;;;;;;;;;;;;;;;;;;;;;;

:sources
(:implicit-file :type :file-system :system-files ("polymorphic-functions.asd"))
(:implicit-vcs :type :vcs :projects
 (("compiler-macro-notes" :github :path "digikar99/compiler-macro-notes")
  ("ctype" :github :path "s-expressionists/ctype")
  ("trivial-types" :github :path "digikar99/trivial-types")))
("quicklisp" :url "https://quicklisp.common-lisp-project-index.org/" :type
 :ql-clpi)


;;;;;;;;;;;;;;;;;;;;;;;;;;;;;;;;;;;;;;;;;;;;;;;;;;;;;;;;;;;;;;;;;;;;;;;;;;;;;;;;
;; BEGIN REQUIREMENTS
;;;;;;;;;;;;;;;;;;;;;;;;;;;;;;;;;;;;;;;;;;;;;;;;;;;;;;;;;;;;;;;;;;;;;;;;;;;;;;;;

:requirements
(:project :name "compiler-macro-notes" :branch "main" :source :implicit-vcs)
(:project :name "trivial-types" :branch "master" :source :implicit-vcs)
(:project :name "ctype" :branch "main" :source :implicit-vcs)
(:system :name "introspect-environment")
(:system :name "trivial-package-local-nicknames")
(:system :name "trivial-macroexpand-all")
(:system :name "cl-form-types")
(:system :name "fiveam")
(:system :name "closer-mop")
(:system :name "alexandria")
(:asd-file :name "polymorphic-functions.asd")


;;;;;;;;;;;;;;;;;;;;;;;;;;;;;;;;;;;;;;;;;;;;;;;;;;;;;;;;;;;;;;;;;;;;;;;;;;;;;;;;
;; BEGIN RELEASES
;;;;;;;;;;;;;;;;;;;;;;;;;;;;;;;;;;;;;;;;;;;;;;;;;;;;;;;;;;;;;;;;;;;;;;;;;;;;;;;;

:releases
("agutil" :version "2021-05-31" :source "quicklisp" :systems ("agutil"))
("alexandria" :version "2021-04-11" :source "quicklisp" :systems ("alexandria"))
("anaphora" :version "2021-01-24" :source "quicklisp" :systems ("anaphora"))
("arrows" :version "2018-10-18" :source "quicklisp" :systems ("arrows"))
("asdf-flv" :version "2016-04-21" :source "quicklisp" :systems
 ("net.didierverna.asdf-flv"))
("cl-environments" :version "2021-06-30" :source "quicklisp" :systems
 ("cl-environments"))
("cl-form-types" :version "2021-06-30" :source "quicklisp" :systems
 ("cl-form-types"))
("closer-mop" :version "2021-06-30" :source "quicklisp" :systems ("closer-mop"))
("collectors" :version "2016-12-07" :source "quicklisp" :systems ("collectors"))
("compiler-macro-notes" :version
 (:commit "ec495eb8c1697eed700f910abe98759df93b0e14") :source :implicit-vcs
 :systems ("compiler-macro-notes"))
("ctype" :version (:commit "4df0bc8a4068dbe667560f848121f635c8de3a3f") :source
 :implicit-vcs :systems ("ctype"))
("fiveam" :version "2020-09-25" :source "quicklisp" :systems ("fiveam"))
("introspect-environment" :version "2020-07-15" :source "quicklisp" :systems
 ("introspect-environment"))
("iterate" :version "2021-05-31" :source "quicklisp" :systems ("iterate"))
("optima" :version "2015-07-10" :source "quicklisp" :systems ("optima"))
("polymorphic-functions.asd" :version :newest :source :implicit-file :systems
 ("polymorphic-functions"))
("symbol-munger" :version "2015-04-07" :source "quicklisp" :systems
 ("symbol-munger"))
("trivial-backtrace" :version "2020-06-10" :source "quicklisp" :systems
 ("trivial-backtrace"))
("trivial-macroexpand-all" :version "2017-10-23" :source "quicklisp" :systems
 ("trivial-macroexpand-all"))
("trivial-package-local-nicknames" :version "2020-06-10" :source "quicklisp"
 :systems ("trivial-package-local-nicknames"))
("trivial-types" :version (:commit "5de8a47a787da93f1d64e862aae3b766dfd8705d")
 :source :implicit-vcs :systems ("trivial-types"))


;;;;;;;;;;;;;;;;;;;;;;;;;;;;;;;;;;;;;;;;;;;;;;;;;;;;;;;;;;;;;;;;;;;;;;;;;;;;;;;;
;; BEGIN REVERSE-DEPENDENCIES
;;;;;;;;;;;;;;;;;;;;;;;;;;;;;;;;;;;;;;;;;;;;;;;;;;;;;;;;;;;;;;;;;;;;;;;;;;;;;;;;

:reverse-dependencies
("agutil" ((:system :name "cl-form-types") (:system :name "agutil")))

("alexandria" ((:system :name "symbol-munger") (:system :name "alexandria"))
 ((:system :name "polymorphic-functions") (:system :name "alexandria"))
 ((:system :name "optima") (:system :name "alexandria"))
 ((:system :name "fiveam") (:system :name "alexandria"))
 ((:system :name "compiler-macro-notes") (:system :name "alexandria"))
 ((:system :name "collectors") (:system :name "alexandria"))
 ((:system :name "cl-form-types") (:system :name "alexandria"))
 ((:system :name "cl-environments") (:system :name "alexandria"))
 ((:system :name "agutil") (:system :name "alexandria"))
 (t (:system :name "alexandria")))

("anaphora" ((:system :name "cl-form-types") (:system :name "anaphora"))
 ((:system :name "cl-environments") (:system :name "anaphora")))

("arrows" ((:system :name "cl-form-types") (:system :name "arrows")))

("asdf-flv"
 ((:system :name "fiveam") (:system :name "net.didierverna.asdf-flv")))

("cl-environments"
 ((:system :name "compiler-macro-notes") (:system :name "cl-environments"))
 ((:system :name "cl-form-types") (:system :name "cl-environments")))

("cl-form-types"
 ((:system :name "polymorphic-functions") (:system :name "cl-form-types"))
 (t (:system :name "cl-form-types")))

("closer-mop"
 ((:system :name "polymorphic-functions") (:system :name "closer-mop"))
 ((:system :name "optima") (:system :name "closer-mop"))
 ((:system :name "collectors") (:system :name "closer-mop"))
 (t (:system :name "closer-mop")))

("collectors" ((:system :name "cl-environments") (:system :name "collectors")))

("compiler-macro-notes"
 ((:system :name "polymorphic-functions")
  (:system :name "compiler-macro-notes"))
 (t
  (:project :name "compiler-macro-notes" :branch "main" :source :implicit-vcs)))

("ctype" ((:system :name "polymorphic-functions") (:system :name "ctype"))
 (t (:project :name "ctype" :branch "main" :source :implicit-vcs)))

("fiveam" ((:system :name "trivial-types") (:system :name "fiveam"))
 ((:system :name "polymorphic-functions") (:system :name "fiveam"))
 (t (:system :name "fiveam")))

("introspect-environment"
 ((:system :name "polymorphic-functions")
  (:system :name "introspect-environment"))
 ((:system :name "cl-form-types") (:system :name "introspect-environment"))
 (t (:system :name "introspect-environment")))

("iterate" ((:system :name "symbol-munger") (:system :name "iterate")))

("optima" ((:system :name "cl-form-types") (:system :name "optima"))
 ((:system :name "cl-environments") (:system :name "optima"))
 ((:system :name "agutil") (:system :name "optima")))

("polymorphic-functions.asd" (t (:asd-file :name "polymorphic-functions.asd")))

("symbol-munger" ((:system :name "collectors") (:system :name "symbol-munger")))

("trivial-backtrace"
 ((:system :name "fiveam") (:system :name "trivial-backtrace")))

("trivial-macroexpand-all"
 ((:system :name "polymorphic-functions")
  (:system :name "trivial-macroexpand-all"))
 (t (:system :name "trivial-macroexpand-all")))

("trivial-package-local-nicknames"
 ((:system :name "polymorphic-functions")
  (:system :name "trivial-package-local-nicknames"))
 (t (:system :name "trivial-package-local-nicknames")))

("trivial-types"
 ((:system :name "polymorphic-functions") (:system :name "trivial-types"))
 (t (:project :name "trivial-types" :branch "master" :source :implicit-vcs)))

